// !$*UTF8*$!
{
	archiveVersion = 1;
	classes = {
	};
	objectVersion = 56;
	objects = {

/* Begin PBXBuildFile section */
		0C1ABB342A4588F10027E803 /* AppDelegate.swift in Sources */ = {isa = PBXBuildFile; fileRef = 0C1ABB332A4588F10027E803 /* AppDelegate.swift */; };
		0C1ABB362A4588F10027E803 /* SceneDelegate.swift in Sources */ = {isa = PBXBuildFile; fileRef = 0C1ABB352A4588F10027E803 /* SceneDelegate.swift */; };
		0C1ABB382A4588F10027E803 /* PostDetailViewController.swift in Sources */ = {isa = PBXBuildFile; fileRef = 0C1ABB372A4588F10027E803 /* PostDetailViewController.swift */; };
		0C1ABB3B2A4588F10027E803 /* Main.storyboard in Resources */ = {isa = PBXBuildFile; fileRef = 0C1ABB392A4588F10027E803 /* Main.storyboard */; };
		0C1ABB3D2A4588F20027E803 /* Assets.xcassets in Resources */ = {isa = PBXBuildFile; fileRef = 0C1ABB3C2A4588F20027E803 /* Assets.xcassets */; };
		0C1ABB402A4588F20027E803 /* LaunchScreen.storyboard in Resources */ = {isa = PBXBuildFile; fileRef = 0C1ABB3E2A4588F20027E803 /* LaunchScreen.storyboard */; };
		0C1ABB482A458B6B0027E803 /* CommentTableViewCell.swift in Sources */ = {isa = PBXBuildFile; fileRef = 0C1ABB472A458B6B0027E803 /* CommentTableViewCell.swift */; };
		0C1ABB4A2A458FA00027E803 /* AddCommenTextViewController.swift in Sources */ = {isa = PBXBuildFile; fileRef = 0C1ABB492A458FA00027E803 /* AddCommenTextViewController.swift */; };
		0CCDBEFA2A46DCD600499484 /* CommentModel.swift in Sources */ = {isa = PBXBuildFile; fileRef = 0CCDBEF92A46DCD600499484 /* CommentModel.swift */; };
		0CD72E602A481E2C0032A100 /* WelcomeViewController.swift in Sources */ = {isa = PBXBuildFile; fileRef = 0CD72E5F2A481E2C0032A100 /* WelcomeViewController.swift */; };
		0CD72E622A4821A20032A100 /* VideoCompressorViewController.swift in Sources */ = {isa = PBXBuildFile; fileRef = 0CD72E612A4821A20032A100 /* VideoCompressorViewController.swift */; };
/* End PBXBuildFile section */

/* Begin PBXFileReference section */
		0C1ABB302A4588F10027E803 /* TestApp.app */ = {isa = PBXFileReference; explicitFileType = wrapper.application; includeInIndex = 0; path = TestApp.app; sourceTree = BUILT_PRODUCTS_DIR; };
		0C1ABB332A4588F10027E803 /* AppDelegate.swift */ = {isa = PBXFileReference; lastKnownFileType = sourcecode.swift; path = AppDelegate.swift; sourceTree = "<group>"; };
		0C1ABB352A4588F10027E803 /* SceneDelegate.swift */ = {isa = PBXFileReference; lastKnownFileType = sourcecode.swift; path = SceneDelegate.swift; sourceTree = "<group>"; };
		0C1ABB372A4588F10027E803 /* PostDetailViewController.swift */ = {isa = PBXFileReference; lastKnownFileType = sourcecode.swift; path = PostDetailViewController.swift; sourceTree = "<group>"; };
		0C1ABB3A2A4588F10027E803 /* Base */ = {isa = PBXFileReference; lastKnownFileType = file.storyboard; name = Base; path = Base.lproj/Main.storyboard; sourceTree = "<group>"; };
		0C1ABB3C2A4588F20027E803 /* Assets.xcassets */ = {isa = PBXFileReference; lastKnownFileType = folder.assetcatalog; path = Assets.xcassets; sourceTree = "<group>"; };
		0C1ABB3F2A4588F20027E803 /* Base */ = {isa = PBXFileReference; lastKnownFileType = file.storyboard; name = Base; path = Base.lproj/LaunchScreen.storyboard; sourceTree = "<group>"; };
		0C1ABB412A4588F20027E803 /* Info.plist */ = {isa = PBXFileReference; lastKnownFileType = text.plist.xml; path = Info.plist; sourceTree = "<group>"; };
		0C1ABB472A458B6B0027E803 /* CommentTableViewCell.swift */ = {isa = PBXFileReference; lastKnownFileType = sourcecode.swift; path = CommentTableViewCell.swift; sourceTree = "<group>"; };
		0C1ABB492A458FA00027E803 /* AddCommenTextViewController.swift */ = {isa = PBXFileReference; lastKnownFileType = sourcecode.swift; path = AddCommenTextViewController.swift; sourceTree = "<group>"; };
		0CCDBEF92A46DCD600499484 /* CommentModel.swift */ = {isa = PBXFileReference; lastKnownFileType = sourcecode.swift; path = CommentModel.swift; sourceTree = "<group>"; };
		0CD72E5F2A481E2C0032A100 /* WelcomeViewController.swift */ = {isa = PBXFileReference; lastKnownFileType = sourcecode.swift; path = WelcomeViewController.swift; sourceTree = "<group>"; };
		0CD72E612A4821A20032A100 /* VideoCompressorViewController.swift */ = {isa = PBXFileReference; lastKnownFileType = sourcecode.swift; path = VideoCompressorViewController.swift; sourceTree = "<group>"; };
/* End PBXFileReference section */

/* Begin PBXFrameworksBuildPhase section */
		0C1ABB2D2A4588F10027E803 /* Frameworks */ = {
			isa = PBXFrameworksBuildPhase;
			buildActionMask = 2147483647;
			files = (
			);
			runOnlyForDeploymentPostprocessing = 0;
		};
/* End PBXFrameworksBuildPhase section */

/* Begin PBXGroup section */
		0C1ABB272A4588F10027E803 = {
			isa = PBXGroup;
			children = (
				0C1ABB322A4588F10027E803 /* TestApp */,
				0C1ABB312A4588F10027E803 /* Products */,
			);
			sourceTree = "<group>";
		};
		0C1ABB312A4588F10027E803 /* Products */ = {
			isa = PBXGroup;
			children = (
				0C1ABB302A4588F10027E803 /* TestApp.app */,
			);
			name = Products;
			sourceTree = "<group>";
		};
		0C1ABB322A4588F10027E803 /* TestApp */ = {
			isa = PBXGroup;
			children = (
				0C1ABB332A4588F10027E803 /* AppDelegate.swift */,
				0C1ABB352A4588F10027E803 /* SceneDelegate.swift */,
				0C1ABB372A4588F10027E803 /* PostDetailViewController.swift */,
				0C1ABB472A458B6B0027E803 /* CommentTableViewCell.swift */,
				0C1ABB492A458FA00027E803 /* AddCommenTextViewController.swift */,
				0CCDBEF92A46DCD600499484 /* CommentModel.swift */,
				0CD72E5F2A481E2C0032A100 /* WelcomeViewController.swift */,
				0CD72E612A4821A20032A100 /* VideoCompressorViewController.swift */,
				0C1ABB392A4588F10027E803 /* Main.storyboard */,
				0C1ABB3C2A4588F20027E803 /* Assets.xcassets */,
				0C1ABB3E2A4588F20027E803 /* LaunchScreen.storyboard */,
				0C1ABB412A4588F20027E803 /* Info.plist */,
			);
			path = TestApp;
			sourceTree = "<group>";
		};
/* End PBXGroup section */

/* Begin PBXNativeTarget section */
		0C1ABB2F2A4588F10027E803 /* TestApp */ = {
			isa = PBXNativeTarget;
			buildConfigurationList = 0C1ABB442A4588F20027E803 /* Build configuration list for PBXNativeTarget "TestApp" */;
			buildPhases = (
				0C1ABB2C2A4588F10027E803 /* Sources */,
				0C1ABB2D2A4588F10027E803 /* Frameworks */,
				0C1ABB2E2A4588F10027E803 /* Resources */,
			);
			buildRules = (
			);
			dependencies = (
			);
			name = TestApp;
			productName = TestApp;
			productReference = 0C1ABB302A4588F10027E803 /* TestApp.app */;
			productType = "com.apple.product-type.application";
		};
/* End PBXNativeTarget section */

/* Begin PBXProject section */
		0C1ABB282A4588F10027E803 /* Project object */ = {
			isa = PBXProject;
			attributes = {
				BuildIndependentTargetsInParallel = 1;
				LastSwiftUpdateCheck = 1420;
				LastUpgradeCheck = 1420;
				TargetAttributes = {
					0C1ABB2F2A4588F10027E803 = {
						CreatedOnToolsVersion = 14.2;
					};
				};
			};
			buildConfigurationList = 0C1ABB2B2A4588F10027E803 /* Build configuration list for PBXProject "TestApp" */;
			compatibilityVersion = "Xcode 14.0";
			developmentRegion = en;
			hasScannedForEncodings = 0;
			knownRegions = (
				en,
				Base,
			);
			mainGroup = 0C1ABB272A4588F10027E803;
			productRefGroup = 0C1ABB312A4588F10027E803 /* Products */;
			projectDirPath = "";
			projectRoot = "";
			targets = (
				0C1ABB2F2A4588F10027E803 /* TestApp */,
			);
		};
/* End PBXProject section */

/* Begin PBXResourcesBuildPhase section */
		0C1ABB2E2A4588F10027E803 /* Resources */ = {
			isa = PBXResourcesBuildPhase;
			buildActionMask = 2147483647;
			files = (
				0C1ABB402A4588F20027E803 /* LaunchScreen.storyboard in Resources */,
				0C1ABB3D2A4588F20027E803 /* Assets.xcassets in Resources */,
				0C1ABB3B2A4588F10027E803 /* Main.storyboard in Resources */,
			);
			runOnlyForDeploymentPostprocessing = 0;
		};
/* End PBXResourcesBuildPhase section */

/* Begin PBXSourcesBuildPhase section */
		0C1ABB2C2A4588F10027E803 /* Sources */ = {
			isa = PBXSourcesBuildPhase;
			buildActionMask = 2147483647;
			files = (
				0C1ABB382A4588F10027E803 /* PostDetailViewController.swift in Sources */,
				0CD72E622A4821A20032A100 /* VideoCompressorViewController.swift in Sources */,
				0CCDBEFA2A46DCD600499484 /* CommentModel.swift in Sources */,
				0C1ABB342A4588F10027E803 /* AppDelegate.swift in Sources */,
				0C1ABB362A4588F10027E803 /* SceneDelegate.swift in Sources */,
				0C1ABB482A458B6B0027E803 /* CommentTableViewCell.swift in Sources */,
				0C1ABB4A2A458FA00027E803 /* AddCommenTextViewController.swift in Sources */,
				0CD72E602A481E2C0032A100 /* WelcomeViewController.swift in Sources */,
			);
			runOnlyForDeploymentPostprocessing = 0;
		};
/* End PBXSourcesBuildPhase section */

/* Begin PBXVariantGroup section */
		0C1ABB392A4588F10027E803 /* Main.storyboard */ = {
			isa = PBXVariantGroup;
			children = (
				0C1ABB3A2A4588F10027E803 /* Base */,
			);
			name = Main.storyboard;
			sourceTree = "<group>";
		};
		0C1ABB3E2A4588F20027E803 /* LaunchScreen.storyboard */ = {
			isa = PBXVariantGroup;
			children = (
				0C1ABB3F2A4588F20027E803 /* Base */,
			);
			name = LaunchScreen.storyboard;
			sourceTree = "<group>";
		};
/* End PBXVariantGroup section */

/* Begin XCBuildConfiguration section */
		0C1ABB422A4588F20027E803 /* Debug */ = {
			isa = XCBuildConfiguration;
			buildSettings = {
				ALWAYS_SEARCH_USER_PATHS = NO;
				CLANG_ANALYZER_NONNULL = YES;
				CLANG_ANALYZER_NUMBER_OBJECT_CONVERSION = YES_AGGRESSIVE;
				CLANG_CXX_LANGUAGE_STANDARD = "gnu++20";
				CLANG_ENABLE_MODULES = YES;
				CLANG_ENABLE_OBJC_ARC = YES;
				CLANG_ENABLE_OBJC_WEAK = YES;
				CLANG_WARN_BLOCK_CAPTURE_AUTORELEASING = YES;
				CLANG_WARN_BOOL_CONVERSION = YES;
				CLANG_WARN_COMMA = YES;
				CLANG_WARN_CONSTANT_CONVERSION = YES;
				CLANG_WARN_DEPRECATED_OBJC_IMPLEMENTATIONS = YES;
				CLANG_WARN_DIRECT_OBJC_ISA_USAGE = YES_ERROR;
				CLANG_WARN_DOCUMENTATION_COMMENTS = YES;
				CLANG_WARN_EMPTY_BODY = YES;
				CLANG_WARN_ENUM_CONVERSION = YES;
				CLANG_WARN_INFINITE_RECURSION = YES;
				CLANG_WARN_INT_CONVERSION = YES;
				CLANG_WARN_NON_LITERAL_NULL_CONVERSION = YES;
				CLANG_WARN_OBJC_IMPLICIT_RETAIN_SELF = YES;
				CLANG_WARN_OBJC_LITERAL_CONVERSION = YES;
				CLANG_WARN_OBJC_ROOT_CLASS = YES_ERROR;
				CLANG_WARN_QUOTED_INCLUDE_IN_FRAMEWORK_HEADER = YES;
				CLANG_WARN_RANGE_LOOP_ANALYSIS = YES;
				CLANG_WARN_STRICT_PROTOTYPES = YES;
				CLANG_WARN_SUSPICIOUS_MOVE = YES;
				CLANG_WARN_UNGUARDED_AVAILABILITY = YES_AGGRESSIVE;
				CLANG_WARN_UNREACHABLE_CODE = YES;
				CLANG_WARN__DUPLICATE_METHOD_MATCH = YES;
				COPY_PHASE_STRIP = NO;
				DEBUG_INFORMATION_FORMAT = dwarf;
				ENABLE_STRICT_OBJC_MSGSEND = YES;
				ENABLE_TESTABILITY = YES;
				GCC_C_LANGUAGE_STANDARD = gnu11;
				GCC_DYNAMIC_NO_PIC = NO;
				GCC_NO_COMMON_BLOCKS = YES;
				GCC_OPTIMIZATION_LEVEL = 0;
				GCC_PREPROCESSOR_DEFINITIONS = (
					"DEBUG=1",
					"$(inherited)",
				);
				GCC_WARN_64_TO_32_BIT_CONVERSION = YES;
				GCC_WARN_ABOUT_RETURN_TYPE = YES_ERROR;
				GCC_WARN_UNDECLARED_SELECTOR = YES;
				GCC_WARN_UNINITIALIZED_AUTOS = YES_AGGRESSIVE;
				GCC_WARN_UNUSED_FUNCTION = YES;
				GCC_WARN_UNUSED_VARIABLE = YES;
				IPHONEOS_DEPLOYMENT_TARGET = 16.2;
				MTL_ENABLE_DEBUG_INFO = INCLUDE_SOURCE;
				MTL_FAST_MATH = YES;
				ONLY_ACTIVE_ARCH = YES;
				SDKROOT = iphoneos;
				SWIFT_ACTIVE_COMPILATION_CONDITIONS = DEBUG;
				SWIFT_OPTIMIZATION_LEVEL = "-Onone";
			};
			name = Debug;
		};
		0C1ABB432A4588F20027E803 /* Release */ = {
			isa = XCBuildConfiguration;
			buildSettings = {
				ALWAYS_SEARCH_USER_PATHS = NO;
				CLANG_ANALYZER_NONNULL = YES;
				CLANG_ANALYZER_NUMBER_OBJECT_CONVERSION = YES_AGGRESSIVE;
				CLANG_CXX_LANGUAGE_STANDARD = "gnu++20";
				CLANG_ENABLE_MODULES = YES;
				CLANG_ENABLE_OBJC_ARC = YES;
				CLANG_ENABLE_OBJC_WEAK = YES;
				CLANG_WARN_BLOCK_CAPTURE_AUTORELEASING = YES;
				CLANG_WARN_BOOL_CONVERSION = YES;
				CLANG_WARN_COMMA = YES;
				CLANG_WARN_CONSTANT_CONVERSION = YES;
				CLANG_WARN_DEPRECATED_OBJC_IMPLEMENTATIONS = YES;
				CLANG_WARN_DIRECT_OBJC_ISA_USAGE = YES_ERROR;
				CLANG_WARN_DOCUMENTATION_COMMENTS = YES;
				CLANG_WARN_EMPTY_BODY = YES;
				CLANG_WARN_ENUM_CONVERSION = YES;
				CLANG_WARN_INFINITE_RECURSION = YES;
				CLANG_WARN_INT_CONVERSION = YES;
				CLANG_WARN_NON_LITERAL_NULL_CONVERSION = YES;
				CLANG_WARN_OBJC_IMPLICIT_RETAIN_SELF = YES;
				CLANG_WARN_OBJC_LITERAL_CONVERSION = YES;
				CLANG_WARN_OBJC_ROOT_CLASS = YES_ERROR;
				CLANG_WARN_QUOTED_INCLUDE_IN_FRAMEWORK_HEADER = YES;
				CLANG_WARN_RANGE_LOOP_ANALYSIS = YES;
				CLANG_WARN_STRICT_PROTOTYPES = YES;
				CLANG_WARN_SUSPICIOUS_MOVE = YES;
				CLANG_WARN_UNGUARDED_AVAILABILITY = YES_AGGRESSIVE;
				CLANG_WARN_UNREACHABLE_CODE = YES;
				CLANG_WARN__DUPLICATE_METHOD_MATCH = YES;
				COPY_PHASE_STRIP = NO;
				DEBUG_INFORMATION_FORMAT = "dwarf-with-dsym";
				ENABLE_NS_ASSERTIONS = NO;
				ENABLE_STRICT_OBJC_MSGSEND = YES;
				GCC_C_LANGUAGE_STANDARD = gnu11;
				GCC_NO_COMMON_BLOCKS = YES;
				GCC_WARN_64_TO_32_BIT_CONVERSION = YES;
				GCC_WARN_ABOUT_RETURN_TYPE = YES_ERROR;
				GCC_WARN_UNDECLARED_SELECTOR = YES;
				GCC_WARN_UNINITIALIZED_AUTOS = YES_AGGRESSIVE;
				GCC_WARN_UNUSED_FUNCTION = YES;
				GCC_WARN_UNUSED_VARIABLE = YES;
				IPHONEOS_DEPLOYMENT_TARGET = 16.2;
				MTL_ENABLE_DEBUG_INFO = NO;
				MTL_FAST_MATH = YES;
				SDKROOT = iphoneos;
				SWIFT_COMPILATION_MODE = wholemodule;
				SWIFT_OPTIMIZATION_LEVEL = "-O";
				VALIDATE_PRODUCT = YES;
			};
			name = Release;
		};
		0C1ABB452A4588F20027E803 /* Debug */ = {
			isa = XCBuildConfiguration;
			buildSettings = {
				ASSETCATALOG_COMPILER_APPICON_NAME = AppIcon;
				ASSETCATALOG_COMPILER_GLOBAL_ACCENT_COLOR_NAME = AccentColor;
				CODE_SIGN_STYLE = Automatic;
				CURRENT_PROJECT_VERSION = 1;
				GENERATE_INFOPLIST_FILE = YES;
				INFOPLIST_FILE = TestApp/Info.plist;
				INFOPLIST_KEY_UIApplicationSupportsIndirectInputEvents = YES;
				INFOPLIST_KEY_UILaunchStoryboardName = LaunchScreen;
				INFOPLIST_KEY_UIMainStoryboardFile = Main;
				INFOPLIST_KEY_UISupportedInterfaceOrientations_iPad = "UIInterfaceOrientationPortrait UIInterfaceOrientationPortraitUpsideDown UIInterfaceOrientationLandscapeLeft UIInterfaceOrientationLandscapeRight";
				INFOPLIST_KEY_UISupportedInterfaceOrientations_iPhone = "UIInterfaceOrientationPortrait UIInterfaceOrientationLandscapeLeft UIInterfaceOrientationLandscapeRight";
				LD_RUNPATH_SEARCH_PATHS = (
					"$(inherited)",
					"@executable_path/Frameworks",
				);
				MARKETING_VERSION = 1.0;
				PRODUCT_BUNDLE_IDENTIFIER = com.TestApp;
				PRODUCT_NAME = "$(TARGET_NAME)";
				SWIFT_EMIT_LOC_STRINGS = YES;
				SWIFT_VERSION = 5.0;
				TARGETED_DEVICE_FAMILY = "1,2";
			};
			name = Debug;
		};
		0C1ABB462A4588F20027E803 /* Release */ = {
			isa = XCBuildConfiguration;
			buildSettings = {
				ASSETCATALOG_COMPILER_APPICON_NAME = AppIcon;
				ASSETCATALOG_COMPILER_GLOBAL_ACCENT_COLOR_NAME = AccentColor;
				CODE_SIGN_STYLE = Automatic;
				CURRENT_PROJECT_VERSION = 1;
				GENERATE_INFOPLIST_FILE = YES;
				INFOPLIST_FILE = TestApp/Info.plist;
				INFOPLIST_KEY_UIApplicationSupportsIndirectInputEvents = YES;
				INFOPLIST_KEY_UILaunchStoryboardName = LaunchScreen;
				INFOPLIST_KEY_UIMainStoryboardFile = Main;
				INFOPLIST_KEY_UISupportedInterfaceOrientations_iPad = "UIInterfaceOrientationPortrait UIInterfaceOrientationPortraitUpsideDown UIInterfaceOrientationLandscapeLeft UIInterfaceOrientationLandscapeRight";
				INFOPLIST_KEY_UISupportedInterfaceOrientations_iPhone = "UIInterfaceOrientationPortrait UIInterfaceOrientationLandscapeLeft UIInterfaceOrientationLandscapeRight";
				LD_RUNPATH_SEARCH_PATHS = (
					"$(inherited)",
					"@executable_path/Frameworks",
				);
				MARKETING_VERSION = 1.0;
				PRODUCT_BUNDLE_IDENTIFIER = com.TestApp;
				PRODUCT_NAME = "$(TARGET_NAME)";
				SWIFT_EMIT_LOC_STRINGS = YES;
				SWIFT_VERSION = 5.0;
				TARGETED_DEVICE_FAMILY = "1,2";
			};
			name = Release;
		};
/* End XCBuildConfiguration section */

/* Begin XCConfigurationList section */
		0C1ABB2B2A4588F10027E803 /* Build configuration list for PBXProject "TestApp" */ = {
			isa = XCConfigurationList;
			buildConfigurations = (
				0C1ABB422A4588F20027E803 /* Debug */,
				0C1ABB432A4588F20027E803 /* Release */,
			);
			defaultConfigurationIsVisible = 0;
			defaultConfigurationName = Release;
		};
		0C1ABB442A4588F20027E803 /* Build configuration list for PBXNativeTarget "TestApp" */ = {
			isa = XCConfigurationList;
			buildConfigurations = (
				0C1ABB452A4588F20027E803 /* Debug */,
				0C1ABB462A4588F20027E803 /* Release */,
			);
			defaultConfigurationIsVisible = 0;
			defaultConfigurationName = Release;
		};
/* End XCConfigurationList section */
	};
	rootObject = 0C1ABB282A4588F10027E803 /* Project object */;
}
